
Microsoft Visual Studio Solution File, Format Version 12.00
# Visual Studio Version 17
VisualStudioVersion = 17.0.31903.59
MinimumVisualStudioVersion = 10.0.40219.1
Project("{2150E333-8FDC-42A3-9474-1A3956D46DE8}") = "src", "src", "{2DD53BF5-C63E-49AA-9AEC-C5D262EBADEA}"
EndProject
Project("{FAE04EC0-301F-11D3-BF4B-00C04F79EFBC}") = "StockApp.Domain", "src\StockApp.Domain\StockApp.Domain.csproj", "{11494D91-DE34-40D4-BA9D-8D464867E3B9}"
EndProject
Project("{FAE04EC0-301F-11D3-BF4B-00C04F79EFBC}") = "StockApp.Application", "src\StockApp.Application\StockApp.Application.csproj", "{6A0BCD6B-AE05-49E7-8892-1FF810FC2B0D}"
EndProject
Project("{FAE04EC0-301F-11D3-BF4B-00C04F79EFBC}") = "StockApp.Infrastructure", "src\StockApp.Infrastructure\StockApp.Infrastructure.csproj", "{47054EB1-D94C-4D4C-8E84-B1AAFF413877}"
EndProject
Project("{FAE04EC0-301F-11D3-BF4B-00C04F79EFBC}") = "StockApp.Presentation", "src\StockApp.Presentation\StockApp.Presentation.csproj", "{0058CDE9-D6A5-42D0-B809-7BB9E7CFA760}"
EndProject
Project("{2150E333-8FDC-42A3-9474-1A3956D46DE8}") = "tests", "tests", "{E17B7D0E-5A3F-4A16-BCB9-E7E1A69B5408}"
EndProject
Project("{FAE04EC0-301F-11D3-BF4B-00C04F79EFBC}") = "StockApp.Domain.Tests", "tests\StockApp.Domain.Tests\StockApp.Domain.Tests.csproj", "{8319BA22-4422-46CF-B90E-6749BBCF7C1B}"
EndProject
Project("{FAE04EC0-301F-11D3-BF4B-00C04F79EFBC}") = "StockApp.Application.Tests", "tests\StockApp.Application.Tests\StockApp.Application.Tests.csproj", "{53F3B00D-4CFD-4DA0-84D8-863E1207B36A}"
EndProject
Project("{FAE04EC0-301F-11D3-BF4B-00C04F79EFBC}") = "StockApp.Infrastructure.Tests", "tests\StockApp.Infrastructure.Tests\StockApp.Infrastructure.Tests.csproj", "{3B952836-8968-467C-A338-15A35524F726}"
EndProject
Project("{FAE04EC0-301F-11D3-BF4B-00C04F79EFBC}") = "StockApp.Presentation.Tests", "tests\StockApp.Presentation.Tests\StockApp.Presentation.Tests.csproj", "{FD1F35C7-B594-4450-ACDC-5DA0F723DAED}"
EndProject
Project("{2150E333-8FDC-42A3-9474-1A3956D46DE8}") = "tools", "tools", "{07C2787E-EAC7-C090-1BA3-A61EC2A24D84}"
EndProject
Project("{FAE04EC0-301F-11D3-BF4B-00C04F79EFBC}") = "StockApp.Seeder", "tools\StockApp.Seeder\StockApp.Seeder.csproj", "{CBDF09F5-F9C4-4998-9D82-16F4CAA32EDE}"
EndProject
Project("{FAE04EC0-301F-11D3-BF4B-00C04F79EFBC}") = "StockApp.Presentation.UiTests", "tests\StockApp.Presentation.UiTests\StockApp.Presentation.UiTests.csproj", "{CEF53353-637B-4926-80DC-89472DE6041C}"
EndProject
Project("{FAE04EC0-301F-11D3-BF4B-00C04F79EFBC}") = "StockApp.Api", "src\StockApp.Api\StockApp.Api.csproj", "{1F0BE3C5-3835-44D1-877E-73E95C80AF50}"
EndProject
Project("{FAE04EC0-301F-11D3-BF4B-00C04F79EFBC}") = "StockApp.Api.Tests", "tests\StockApp.Api.Tests\StockApp.Api.Tests.csproj", "{7E785C31-9AE7-4160-844D-681255CF3C37}"
EndProject
Project("{FAE04EC0-301F-11D3-BF4B-00C04F79EFBC}") = "StockApp.ApiClient", "src\StockApp.ApiClient\StockApp.ApiClient.csproj", "{038D4083-0244-46DD-8288-BBE1355567EB}"
EndProject
Project("{FAE04EC0-301F-11D3-BF4B-00C04F79EFBC}") = "StockApp.ApiClient.Tests", "tests\StockApp.ApiClient.Tests\StockApp.ApiClient.Tests.csproj", "{31B050BD-93E8-484A-AE2C-C2BC995CA20D}"
EndProject
Global
	GlobalSection(SolutionConfigurationPlatforms) = preSolution
		Debug|Any CPU = Debug|Any CPU
		Debug|x64 = Debug|x64
		Debug|x86 = Debug|x86
		Release|Any CPU = Release|Any CPU
		Release|x64 = Release|x64
		Release|x86 = Release|x86
	EndGlobalSection
	GlobalSection(ProjectConfigurationPlatforms) = postSolution
		{11494D91-DE34-40D4-BA9D-8D464867E3B9}.Debug|Any CPU.ActiveCfg = Debug|Any CPU
		{11494D91-DE34-40D4-BA9D-8D464867E3B9}.Debug|Any CPU.Build.0 = Debug|Any CPU
		{11494D91-DE34-40D4-BA9D-8D464867E3B9}.Debug|x64.ActiveCfg = Debug|Any CPU
		{11494D91-DE34-40D4-BA9D-8D464867E3B9}.Debug|x64.Build.0 = Debug|Any CPU
		{11494D91-DE34-40D4-BA9D-8D464867E3B9}.Debug|x86.ActiveCfg = Debug|Any CPU
		{11494D91-DE34-40D4-BA9D-8D464867E3B9}.Debug|x86.Build.0 = Debug|Any CPU
		{11494D91-DE34-40D4-BA9D-8D464867E3B9}.Release|Any CPU.ActiveCfg = Release|Any CPU
		{11494D91-DE34-40D4-BA9D-8D464867E3B9}.Release|Any CPU.Build.0 = Release|Any CPU
		{11494D91-DE34-40D4-BA9D-8D464867E3B9}.Release|x64.ActiveCfg = Release|Any CPU
		{11494D91-DE34-40D4-BA9D-8D464867E3B9}.Release|x64.Build.0 = Release|Any CPU
		{11494D91-DE34-40D4-BA9D-8D464867E3B9}.Release|x86.ActiveCfg = Release|Any CPU
		{11494D91-DE34-40D4-BA9D-8D464867E3B9}.Release|x86.Build.0 = Release|Any CPU
		{6A0BCD6B-AE05-49E7-8892-1FF810FC2B0D}.Debug|Any CPU.ActiveCfg = Debug|Any CPU
		{6A0BCD6B-AE05-49E7-8892-1FF810FC2B0D}.Debug|Any CPU.Build.0 = Debug|Any CPU
		{6A0BCD6B-AE05-49E7-8892-1FF810FC2B0D}.Debug|x64.ActiveCfg = Debug|Any CPU
		{6A0BCD6B-AE05-49E7-8892-1FF810FC2B0D}.Debug|x64.Build.0 = Debug|Any CPU
		{6A0BCD6B-AE05-49E7-8892-1FF810FC2B0D}.Debug|x86.ActiveCfg = Debug|Any CPU
		{6A0BCD6B-AE05-49E7-8892-1FF810FC2B0D}.Debug|x86.Build.0 = Debug|Any CPU
		{6A0BCD6B-AE05-49E7-8892-1FF810FC2B0D}.Release|Any CPU.ActiveCfg = Release|Any CPU
		{6A0BCD6B-AE05-49E7-8892-1FF810FC2B0D}.Release|Any CPU.Build.0 = Release|Any CPU
		{6A0BCD6B-AE05-49E7-8892-1FF810FC2B0D}.Release|x64.ActiveCfg = Release|Any CPU
		{6A0BCD6B-AE05-49E7-8892-1FF810FC2B0D}.Release|x64.Build.0 = Release|Any CPU
		{6A0BCD6B-AE05-49E7-8892-1FF810FC2B0D}.Release|x86.ActiveCfg = Release|Any CPU
		{6A0BCD6B-AE05-49E7-8892-1FF810FC2B0D}.Release|x86.Build.0 = Release|Any CPU
		{47054EB1-D94C-4D4C-8E84-B1AAFF413877}.Debug|Any CPU.ActiveCfg = Debug|Any CPU
		{47054EB1-D94C-4D4C-8E84-B1AAFF413877}.Debug|Any CPU.Build.0 = Debug|Any CPU
		{47054EB1-D94C-4D4C-8E84-B1AAFF413877}.Debug|x64.ActiveCfg = Debug|Any CPU
		{47054EB1-D94C-4D4C-8E84-B1AAFF413877}.Debug|x64.Build.0 = Debug|Any CPU
		{47054EB1-D94C-4D4C-8E84-B1AAFF413877}.Debug|x86.ActiveCfg = Debug|Any CPU
		{47054EB1-D94C-4D4C-8E84-B1AAFF413877}.Debug|x86.Build.0 = Debug|Any CPU
		{47054EB1-D94C-4D4C-8E84-B1AAFF413877}.Release|Any CPU.ActiveCfg = Release|Any CPU
		{47054EB1-D94C-4D4C-8E84-B1AAFF413877}.Release|Any CPU.Build.0 = Release|Any CPU
		{47054EB1-D94C-4D4C-8E84-B1AAFF413877}.Release|x64.ActiveCfg = Release|Any CPU
		{47054EB1-D94C-4D4C-8E84-B1AAFF413877}.Release|x64.Build.0 = Release|Any CPU
		{47054EB1-D94C-4D4C-8E84-B1AAFF413877}.Release|x86.ActiveCfg = Release|Any CPU
		{47054EB1-D94C-4D4C-8E84-B1AAFF413877}.Release|x86.Build.0 = Release|Any CPU
		{0058CDE9-D6A5-42D0-B809-7BB9E7CFA760}.Debug|Any CPU.ActiveCfg = Debug|Any CPU
		{0058CDE9-D6A5-42D0-B809-7BB9E7CFA760}.Debug|Any CPU.Build.0 = Debug|Any CPU
		{0058CDE9-D6A5-42D0-B809-7BB9E7CFA760}.Debug|x64.ActiveCfg = Debug|Any CPU
		{0058CDE9-D6A5-42D0-B809-7BB9E7CFA760}.Debug|x64.Build.0 = Debug|Any CPU
		{0058CDE9-D6A5-42D0-B809-7BB9E7CFA760}.Debug|x86.ActiveCfg = Debug|Any CPU
		{0058CDE9-D6A5-42D0-B809-7BB9E7CFA760}.Debug|x86.Build.0 = Debug|Any CPU
		{0058CDE9-D6A5-42D0-B809-7BB9E7CFA760}.Release|Any CPU.ActiveCfg = Release|Any CPU
		{0058CDE9-D6A5-42D0-B809-7BB9E7CFA760}.Release|Any CPU.Build.0 = Release|Any CPU
		{0058CDE9-D6A5-42D0-B809-7BB9E7CFA760}.Release|x64.ActiveCfg = Release|Any CPU
		{0058CDE9-D6A5-42D0-B809-7BB9E7CFA760}.Release|x64.Build.0 = Release|Any CPU
		{0058CDE9-D6A5-42D0-B809-7BB9E7CFA760}.Release|x86.ActiveCfg = Release|Any CPU
		{0058CDE9-D6A5-42D0-B809-7BB9E7CFA760}.Release|x86.Build.0 = Release|Any CPU
		{8319BA22-4422-46CF-B90E-6749BBCF7C1B}.Debug|Any CPU.ActiveCfg = Debug|Any CPU
		{8319BA22-4422-46CF-B90E-6749BBCF7C1B}.Debug|Any CPU.Build.0 = Debug|Any CPU
		{8319BA22-4422-46CF-B90E-6749BBCF7C1B}.Debug|x64.ActiveCfg = Debug|Any CPU
		{8319BA22-4422-46CF-B90E-6749BBCF7C1B}.Debug|x64.Build.0 = Debug|Any CPU
		{8319BA22-4422-46CF-B90E-6749BBCF7C1B}.Debug|x86.ActiveCfg = Debug|Any CPU
		{8319BA22-4422-46CF-B90E-6749BBCF7C1B}.Debug|x86.Build.0 = Debug|Any CPU
		{8319BA22-4422-46CF-B90E-6749BBCF7C1B}.Release|Any CPU.ActiveCfg = Release|Any CPU
		{8319BA22-4422-46CF-B90E-6749BBCF7C1B}.Release|Any CPU.Build.0 = Release|Any CPU
		{8319BA22-4422-46CF-B90E-6749BBCF7C1B}.Release|x64.ActiveCfg = Release|Any CPU
		{8319BA22-4422-46CF-B90E-6749BBCF7C1B}.Release|x64.Build.0 = Release|Any CPU
		{8319BA22-4422-46CF-B90E-6749BBCF7C1B}.Release|x86.ActiveCfg = Release|Any CPU
		{8319BA22-4422-46CF-B90E-6749BBCF7C1B}.Release|x86.Build.0 = Release|Any CPU
		{53F3B00D-4CFD-4DA0-84D8-863E1207B36A}.Debug|Any CPU.ActiveCfg = Debug|Any CPU
		{53F3B00D-4CFD-4DA0-84D8-863E1207B36A}.Debug|Any CPU.Build.0 = Debug|Any CPU
		{53F3B00D-4CFD-4DA0-84D8-863E1207B36A}.Debug|x64.ActiveCfg = Debug|Any CPU
		{53F3B00D-4CFD-4DA0-84D8-863E1207B36A}.Debug|x64.Build.0 = Debug|Any CPU
		{53F3B00D-4CFD-4DA0-84D8-863E1207B36A}.Debug|x86.ActiveCfg = Debug|Any CPU
		{53F3B00D-4CFD-4DA0-84D8-863E1207B36A}.Debug|x86.Build.0 = Debug|Any CPU
		{53F3B00D-4CFD-4DA0-84D8-863E1207B36A}.Release|Any CPU.ActiveCfg = Release|Any CPU
		{53F3B00D-4CFD-4DA0-84D8-863E1207B36A}.Release|Any CPU.Build.0 = Release|Any CPU
		{53F3B00D-4CFD-4DA0-84D8-863E1207B36A}.Release|x64.ActiveCfg = Release|Any CPU
		{53F3B00D-4CFD-4DA0-84D8-863E1207B36A}.Release|x64.Build.0 = Release|Any CPU
		{53F3B00D-4CFD-4DA0-84D8-863E1207B36A}.Release|x86.ActiveCfg = Release|Any CPU
		{53F3B00D-4CFD-4DA0-84D8-863E1207B36A}.Release|x86.Build.0 = Release|Any CPU
		{3B952836-8968-467C-A338-15A35524F726}.Debug|Any CPU.ActiveCfg = Debug|Any CPU
		{3B952836-8968-467C-A338-15A35524F726}.Debug|Any CPU.Build.0 = Debug|Any CPU
		{3B952836-8968-467C-A338-15A35524F726}.Debug|x64.ActiveCfg = Debug|Any CPU
		{3B952836-8968-467C-A338-15A35524F726}.Debug|x64.Build.0 = Debug|Any CPU
		{3B952836-8968-467C-A338-15A35524F726}.Debug|x86.ActiveCfg = Debug|Any CPU
		{3B952836-8968-467C-A338-15A35524F726}.Debug|x86.Build.0 = Debug|Any CPU
		{3B952836-8968-467C-A338-15A35524F726}.Release|Any CPU.ActiveCfg = Release|Any CPU
		{3B952836-8968-467C-A338-15A35524F726}.Release|Any CPU.Build.0 = Release|Any CPU
		{3B952836-8968-467C-A338-15A35524F726}.Release|x64.ActiveCfg = Release|Any CPU
		{3B952836-8968-467C-A338-15A35524F726}.Release|x64.Build.0 = Release|Any CPU
		{3B952836-8968-467C-A338-15A35524F726}.Release|x86.ActiveCfg = Release|Any CPU
		{3B952836-8968-467C-A338-15A35524F726}.Release|x86.Build.0 = Release|Any CPU
		{FD1F35C7-B594-4450-ACDC-5DA0F723DAED}.Debug|Any CPU.ActiveCfg = Debug|Any CPU
		{FD1F35C7-B594-4450-ACDC-5DA0F723DAED}.Debug|Any CPU.Build.0 = Debug|Any CPU
		{FD1F35C7-B594-4450-ACDC-5DA0F723DAED}.Debug|x64.ActiveCfg = Debug|Any CPU
		{FD1F35C7-B594-4450-ACDC-5DA0F723DAED}.Debug|x64.Build.0 = Debug|Any CPU
		{FD1F35C7-B594-4450-ACDC-5DA0F723DAED}.Debug|x86.ActiveCfg = Debug|Any CPU
		{FD1F35C7-B594-4450-ACDC-5DA0F723DAED}.Debug|x86.Build.0 = Debug|Any CPU
		{FD1F35C7-B594-4450-ACDC-5DA0F723DAED}.Release|Any CPU.ActiveCfg = Release|Any CPU
		{FD1F35C7-B594-4450-ACDC-5DA0F723DAED}.Release|Any CPU.Build.0 = Release|Any CPU
		{FD1F35C7-B594-4450-ACDC-5DA0F723DAED}.Release|x64.ActiveCfg = Release|Any CPU
		{FD1F35C7-B594-4450-ACDC-5DA0F723DAED}.Release|x64.Build.0 = Release|Any CPU
		{FD1F35C7-B594-4450-ACDC-5DA0F723DAED}.Release|x86.ActiveCfg = Release|Any CPU
		{FD1F35C7-B594-4450-ACDC-5DA0F723DAED}.Release|x86.Build.0 = Release|Any CPU
		{CBDF09F5-F9C4-4998-9D82-16F4CAA32EDE}.Debug|Any CPU.ActiveCfg = Debug|Any CPU
		{CBDF09F5-F9C4-4998-9D82-16F4CAA32EDE}.Debug|Any CPU.Build.0 = Debug|Any CPU
		{CBDF09F5-F9C4-4998-9D82-16F4CAA32EDE}.Debug|x64.ActiveCfg = Debug|Any CPU
		{CBDF09F5-F9C4-4998-9D82-16F4CAA32EDE}.Debug|x64.Build.0 = Debug|Any CPU
		{CBDF09F5-F9C4-4998-9D82-16F4CAA32EDE}.Debug|x86.ActiveCfg = Debug|Any CPU
		{CBDF09F5-F9C4-4998-9D82-16F4CAA32EDE}.Debug|x86.Build.0 = Debug|Any CPU
		{CBDF09F5-F9C4-4998-9D82-16F4CAA32EDE}.Release|Any CPU.ActiveCfg = Release|Any CPU
		{CBDF09F5-F9C4-4998-9D82-16F4CAA32EDE}.Release|Any CPU.Build.0 = Release|Any CPU
		{CBDF09F5-F9C4-4998-9D82-16F4CAA32EDE}.Release|x64.ActiveCfg = Release|Any CPU
		{CBDF09F5-F9C4-4998-9D82-16F4CAA32EDE}.Release|x64.Build.0 = Release|Any CPU
		{CBDF09F5-F9C4-4998-9D82-16F4CAA32EDE}.Release|x86.ActiveCfg = Release|Any CPU
		{CBDF09F5-F9C4-4998-9D82-16F4CAA32EDE}.Release|x86.Build.0 = Release|Any CPU
		{CEF53353-637B-4926-80DC-89472DE6041C}.Debug|Any CPU.ActiveCfg = Debug|Any CPU
		{CEF53353-637B-4926-80DC-89472DE6041C}.Debug|Any CPU.Build.0 = Debug|Any CPU
		{CEF53353-637B-4926-80DC-89472DE6041C}.Debug|x64.ActiveCfg = Debug|Any CPU
		{CEF53353-637B-4926-80DC-89472DE6041C}.Debug|x64.Build.0 = Debug|Any CPU
		{CEF53353-637B-4926-80DC-89472DE6041C}.Debug|x86.ActiveCfg = Debug|Any CPU
		{CEF53353-637B-4926-80DC-89472DE6041C}.Debug|x86.Build.0 = Debug|Any CPU
		{CEF53353-637B-4926-80DC-89472DE6041C}.Release|Any CPU.ActiveCfg = Release|Any CPU
		{CEF53353-637B-4926-80DC-89472DE6041C}.Release|Any CPU.Build.0 = Release|Any CPU
		{CEF53353-637B-4926-80DC-89472DE6041C}.Release|x64.ActiveCfg = Release|Any CPU
		{CEF53353-637B-4926-80DC-89472DE6041C}.Release|x64.Build.0 = Release|Any CPU
		{CEF53353-637B-4926-80DC-89472DE6041C}.Release|x86.ActiveCfg = Release|Any CPU
		{CEF53353-637B-4926-80DC-89472DE6041C}.Release|x86.Build.0 = Release|Any CPU
		{1F0BE3C5-3835-44D1-877E-73E95C80AF50}.Debug|Any CPU.ActiveCfg = Debug|Any CPU
		{1F0BE3C5-3835-44D1-877E-73E95C80AF50}.Debug|Any CPU.Build.0 = Debug|Any CPU
		{1F0BE3C5-3835-44D1-877E-73E95C80AF50}.Debug|x64.ActiveCfg = Debug|Any CPU
		{1F0BE3C5-3835-44D1-877E-73E95C80AF50}.Debug|x64.Build.0 = Debug|Any CPU
		{1F0BE3C5-3835-44D1-877E-73E95C80AF50}.Debug|x86.ActiveCfg = Debug|Any CPU
		{1F0BE3C5-3835-44D1-877E-73E95C80AF50}.Debug|x86.Build.0 = Debug|Any CPU
		{1F0BE3C5-3835-44D1-877E-73E95C80AF50}.Release|Any CPU.ActiveCfg = Release|Any CPU
		{1F0BE3C5-3835-44D1-877E-73E95C80AF50}.Release|Any CPU.Build.0 = Release|Any CPU
		{1F0BE3C5-3835-44D1-877E-73E95C80AF50}.Release|x64.ActiveCfg = Release|Any CPU
		{1F0BE3C5-3835-44D1-877E-73E95C80AF50}.Release|x64.Build.0 = Release|Any CPU
		{1F0BE3C5-3835-44D1-877E-73E95C80AF50}.Release|x86.ActiveCfg = Release|Any CPU
		{1F0BE3C5-3835-44D1-877E-73E95C80AF50}.Release|x86.Build.0 = Release|Any CPU
		{7E785C31-9AE7-4160-844D-681255CF3C37}.Debug|Any CPU.ActiveCfg = Debug|Any CPU
		{7E785C31-9AE7-4160-844D-681255CF3C37}.Debug|Any CPU.Build.0 = Debug|Any CPU
		{7E785C31-9AE7-4160-844D-681255CF3C37}.Debug|x64.ActiveCfg = Debug|Any CPU
		{7E785C31-9AE7-4160-844D-681255CF3C37}.Debug|x64.Build.0 = Debug|Any CPU
		{7E785C31-9AE7-4160-844D-681255CF3C37}.Debug|x86.ActiveCfg = Debug|Any CPU
		{7E785C31-9AE7-4160-844D-681255CF3C37}.Debug|x86.Build.0 = Debug|Any CPU
		{7E785C31-9AE7-4160-844D-681255CF3C37}.Release|Any CPU.ActiveCfg = Release|Any CPU
		{7E785C31-9AE7-4160-844D-681255CF3C37}.Release|Any CPU.Build.0 = Release|Any CPU
		{7E785C31-9AE7-4160-844D-681255CF3C37}.Release|x64.ActiveCfg = Release|Any CPU
		{7E785C31-9AE7-4160-844D-681255CF3C37}.Release|x64.Build.0 = Release|Any CPU
		{7E785C31-9AE7-4160-844D-681255CF3C37}.Release|x86.ActiveCfg = Release|Any CPU
		{7E785C31-9AE7-4160-844D-681255CF3C37}.Release|x86.Build.0 = Release|Any CPU
		{038D4083-0244-46DD-8288-BBE1355567EB}.Debug|Any CPU.ActiveCfg = Debug|Any CPU
		{038D4083-0244-46DD-8288-BBE1355567EB}.Debug|Any CPU.Build.0 = Debug|Any CPU
		{038D4083-0244-46DD-8288-BBE1355567EB}.Debug|x64.ActiveCfg = Debug|Any CPU
		{038D4083-0244-46DD-8288-BBE1355567EB}.Debug|x64.Build.0 = Debug|Any CPU
		{038D4083-0244-46DD-8288-BBE1355567EB}.Debug|x86.ActiveCfg = Debug|Any CPU
		{038D4083-0244-46DD-8288-BBE1355567EB}.Debug|x86.Build.0 = Debug|Any CPU
		{038D4083-0244-46DD-8288-BBE1355567EB}.Release|Any CPU.ActiveCfg = Release|Any CPU
		{038D4083-0244-46DD-8288-BBE1355567EB}.Release|Any CPU.Build.0 = Release|Any CPU
		{038D4083-0244-46DD-8288-BBE1355567EB}.Release|x64.ActiveCfg = Release|Any CPU
		{038D4083-0244-46DD-8288-BBE1355567EB}.Release|x64.Build.0 = Release|Any CPU
		{038D4083-0244-46DD-8288-BBE1355567EB}.Release|x86.ActiveCfg = Release|Any CPU
		{038D4083-0244-46DD-8288-BBE1355567EB}.Release|x86.Build.0 = Release|Any CPU
		{31B050BD-93E8-484A-AE2C-C2BC995CA20D}.Debug|Any CPU.ActiveCfg = Debug|Any CPU
		{31B050BD-93E8-484A-AE2C-C2BC995CA20D}.Debug|Any CPU.Build.0 = Debug|Any CPU
		{31B050BD-93E8-484A-AE2C-C2BC995CA20D}.Debug|x64.ActiveCfg = Debug|Any CPU
		{31B050BD-93E8-484A-AE2C-C2BC995CA20D}.Debug|x64.Build.0 = Debug|Any CPU
		{31B050BD-93E8-484A-AE2C-C2BC995CA20D}.Debug|x86.ActiveCfg = Debug|Any CPU
		{31B050BD-93E8-484A-AE2C-C2BC995CA20D}.Debug|x86.Build.0 = Debug|Any CPU
		{31B050BD-93E8-484A-AE2C-C2BC995CA20D}.Release|Any CPU.ActiveCfg = Release|Any CPU
		{31B050BD-93E8-484A-AE2C-C2BC995CA20D}.Release|Any CPU.Build.0 = Release|Any CPU
		{31B050BD-93E8-484A-AE2C-C2BC995CA20D}.Release|x64.ActiveCfg = Release|Any CPU
		{31B050BD-93E8-484A-AE2C-C2BC995CA20D}.Release|x64.Build.0 = Release|Any CPU
		{31B050BD-93E8-484A-AE2C-C2BC995CA20D}.Release|x86.ActiveCfg = Release|Any CPU
		{31B050BD-93E8-484A-AE2C-C2BC995CA20D}.Release|x86.Build.0 = Release|Any CPU
	EndGlobalSection
	GlobalSection(SolutionProperties) = preSolution
		HideSolutionNode = FALSE
	EndGlobalSection
	GlobalSection(NestedProjects) = preSolution
		{11494D91-DE34-40D4-BA9D-8D464867E3B9} = {2DD53BF5-C63E-49AA-9AEC-C5D262EBADEA}
		{6A0BCD6B-AE05-49E7-8892-1FF810FC2B0D} = {2DD53BF5-C63E-49AA-9AEC-C5D262EBADEA}
		{47054EB1-D94C-4D4C-8E84-B1AAFF413877} = {2DD53BF5-C63E-49AA-9AEC-C5D262EBADEA}
		{0058CDE9-D6A5-42D0-B809-7BB9E7CFA760} = {2DD53BF5-C63E-49AA-9AEC-C5D262EBADEA}
		{8319BA22-4422-46CF-B90E-6749BBCF7C1B} = {E17B7D0E-5A3F-4A16-BCB9-E7E1A69B5408}
		{53F3B00D-4CFD-4DA0-84D8-863E1207B36A} = {E17B7D0E-5A3F-4A16-BCB9-E7E1A69B5408}
		{3B952836-8968-467C-A338-15A35524F726} = {E17B7D0E-5A3F-4A16-BCB9-E7E1A69B5408}
		{FD1F35C7-B594-4450-ACDC-5DA0F723DAED} = {E17B7D0E-5A3F-4A16-BCB9-E7E1A69B5408}
		{CBDF09F5-F9C4-4998-9D82-16F4CAA32EDE} = {07C2787E-EAC7-C090-1BA3-A61EC2A24D84}
		{CEF53353-637B-4926-80DC-89472DE6041C} = {E17B7D0E-5A3F-4A16-BCB9-E7E1A69B5408}
		{1F0BE3C5-3835-44D1-877E-73E95C80AF50} = {2DD53BF5-C63E-49AA-9AEC-C5D262EBADEA}
		{7E785C31-9AE7-4160-844D-681255CF3C37} = {E17B7D0E-5A3F-4A16-BCB9-E7E1A69B5408}
		{038D4083-0244-46DD-8288-BBE1355567EB} = {2DD53BF5-C63E-49AA-9AEC-C5D262EBADEA}
		{31B050BD-93E8-484A-AE2C-C2BC995CA20D} = {E17B7D0E-5A3F-4A16-BCB9-E7E1A69B5408}
	EndGlobalSection
EndGlobal
